<?xml version="1.0" encoding="utf-8"?>
<Project ToolsVersion="4.0" xmlns="http://schemas.microsoft.com/developer/msbuild/2003">
  <ItemGroup>
    <Filter Include="Исходные файлы">
      <UniqueIdentifier>{4FC737F1-C7A5-4376-A066-2A32D752A2FF}</UniqueIdentifier>
      <Extensions>cpp;c;cc;cxx;c++;cppm;ixx;def;odl;idl;hpj;bat;asm;asmx</Extensions>
    </Filter>
    <Filter Include="Файлы заголовков">
      <UniqueIdentifier>{93995380-89BD-4b04-88EB-625FBE52EBFB}</UniqueIdentifier>
      <Extensions>h;hh;hpp;hxx;h++;hm;inl;inc;ipp;xsd</Extensions>
    </Filter>
    <Filter Include="Файлы ресурсов">
      <UniqueIdentifier>{67DA6AB6-F800-4c08-8B7A-83BB121AAD01}</UniqueIdentifier>
      <Extensions>rc;ico;cur;bmp;dlg;rc2;rct;bin;rgs;gif;jpg;jpeg;jpe;resx;tiff;tif;png;wav;mfcribbon-ms</Extensions>
    </Filter>
  </ItemGroup>
  <ItemGroup>
    <ClCompile Include="Source.cpp">
      <Filter>Исходные файлы</Filter>
    </ClCompile>
    <ClCompile Include="Actions\Basic\IActionConstructor.cpp">
      <Filter>Исходные файлы</Filter>
    </ClCompile>
    <ClCompile Include="Attributes\Special\AAtNode.cpp">
      <Filter>Исходные файлы</Filter>
    </ClCompile>
    <ClCompile Include="Condition\Basic\ConditionSet.cpp">
      <Filter>Исходные файлы</Filter>
    </ClCompile>
    <ClCompile Include="Condition\Special\CEqual.cpp">
      <Filter>Исходные файлы</Filter>
    </ClCompile>
    <ClCompile Include="Condition\Special\CInSet.cpp">
      <Filter>Исходные файлы</Filter>
    </ClCompile>
    <ClCompile Include="Condition\Special\CLarger.cpp">
      <Filter>Исходные файлы</Filter>
    </ClCompile>
    <ClCompile Include="Helper.cpp">
      <Filter>Исходные файлы</Filter>
    </ClCompile>
    <ClCompile Include="Navigation\Navigator.cpp">
      <Filter>Исходные файлы</Filter>
    </ClCompile>
    <ClCompile Include="Navigation\NavPathfinder.cpp">
      <Filter>Исходные файлы</Filter>
    </ClCompile>
    <ClCompile Include="Planner.cpp">
      <Filter>Исходные файлы</Filter>
    </ClCompile>
    <ClCompile Include="Tools\MathHelper.cpp">
      <Filter>Исходные файлы</Filter>
    </ClCompile>
  </ItemGroup>
  <ItemGroup>
    <ClInclude Include="Testing.h">
      <Filter>Файлы заголовков</Filter>
    </ClInclude>
    <ClInclude Include="Actions\Basic\ACSimple.h">
      <Filter>Файлы заголовков</Filter>
    </ClInclude>
    <ClInclude Include="Actions\Basic\IActionConstructor.h">
      <Filter>Файлы заголовков</Filter>
    </ClInclude>
    <ClInclude Include="Actions\Specific\ACGoTo.h">
      <Filter>Файлы заголовков</Filter>
    </ClInclude>
    <ClInclude Include="Actions\Specific\ACSearchEnemy.h">
      <Filter>Файлы заголовков</Filter>
    </ClInclude>
    <ClInclude Include="Actions\Specific\ACPickupDepletable.h">
      <Filter>Файлы заголовков</Filter>
    </ClInclude>
    <ClInclude Include="Actions\Specific\ACUseDepletable.h">
      <Filter>Файлы заголовков</Filter>
    </ClInclude>
    <ClInclude Include="AStar.h">
      <Filter>Файлы заголовков</Filter>
    </ClInclude>
    <ClInclude Include="Attributes\Basic\AAccum.h">
      <Filter>Файлы заголовков</Filter>
    </ClInclude>
    <ClInclude Include="Attributes\Basic\AEnum.h">
      <Filter>Файлы заголовков</Filter>
    </ClInclude>
    <ClInclude Include="Attributes\Basic\AInt.h">
      <Filter>Файлы заголовков</Filter>
    </ClInclude>
    <ClInclude Include="Attributes\Basic\IAttribute.h">
      <Filter>Файлы заголовков</Filter>
    </ClInclude>
    <ClInclude Include="Attributes\Special\AAmmoInMag.h">
      <Filter>Файлы заголовков</Filter>
    </ClInclude>
    <ClInclude Include="Attributes\Special\AGrenadesLeft.h">
      <Filter>Файлы заголовков</Filter>
    </ClInclude>
    <ClInclude Include="Attributes\Special\AHealth.h">
      <Filter>Файлы заголовков</Filter>
    </ClInclude>
    <ClInclude Include="Attributes\Special\AHKitsLeft.h">
      <Filter>Файлы заголовков</Filter>
    </ClInclude>
    <ClInclude Include="Attributes\Special\AMagsLeft.h">
      <Filter>Файлы заголовков</Filter>
    </ClInclude>
    <ClInclude Include="Attributes\Special\AAtNode.h">
      <Filter>Файлы заголовков</Filter>
    </ClInclude>
    <ClInclude Include="Attributes\Special\Enums\EAVCoverStatus.h">
      <Filter>Файлы заголовков</Filter>
    </ClInclude>
    <ClInclude Include="Attributes\Special\Enums\EAVEnemyStatus.h">
      <Filter>Файлы заголовков</Filter>
    </ClInclude>
    <ClInclude Include="Condition\Basic\ConditionSet.h">
      <Filter>Файлы заголовков</Filter>
    </ClInclude>
    <ClInclude Include="Condition\Basic\ICondition.h">
      <Filter>Файлы заголовков</Filter>
    </ClInclude>
    <ClInclude Include="Condition\Special\CEqual.h">
      <Filter>Файлы заголовков</Filter>
    </ClInclude>
    <ClInclude Include="Condition\Special\CInSet.h">
      <Filter>Файлы заголовков</Filter>
    </ClInclude>
    <ClInclude Include="Condition\Special\CLarger.h">
      <Filter>Файлы заголовков</Filter>
    </ClInclude>
    <ClInclude Include="Helper.h">
      <Filter>Файлы заголовков</Filter>
    </ClInclude>
    <ClInclude Include="Navigation\Navigator.h">
      <Filter>Файлы заголовков</Filter>
    </ClInclude>
    <ClInclude Include="Navigation\NavPathfinder.h">
      <Filter>Файлы заголовков</Filter>
    </ClInclude>
    <ClInclude Include="Planner.h">
      <Filter>Файлы заголовков</Filter>
    </ClInclude>
    <ClInclude Include="SupplementalData.h">
      <Filter>Файлы заголовков</Filter>
    </ClInclude>
    <ClInclude Include="Tools\Catalogue.h">
      <Filter>Файлы заголовков</Filter>
    </ClInclude>
    <ClInclude Include="Tools\FibonacciHeap.hpp">
      <Filter>Файлы заголовков</Filter>
    </ClInclude>
    <ClInclude Include="Tools\MathHelper.h">
      <Filter>Файлы заголовков</Filter>
    </ClInclude>
    <ClInclude Include="Tools\PropertyList.h">
      <Filter>Файлы заголовков</Filter>
    </ClInclude>
    <ClInclude Include="ValueSet.h">
      <Filter>Файлы заголовков</Filter>
    </ClInclude>
  </ItemGroup>
</Project>